
Microsoft Visual Studio Solution File, Format Version 12.00
# Visual Studio Version 16
VisualStudioVersion = 16.0.31129.286
MinimumVisualStudioVersion = 10.0.40219.1
Project("{FAE04EC0-301F-11D3-BF4B-00C04F79EFBC}") = "LearnMultiplication", "LearnMultiplication\LearnMultiplication.csproj", "{4A27C3D7-67ED-42A5-A538-1137C295CCF3}"
EndProject
Global
	GlobalSection(SolutionConfigurationPlatforms) = preSolution
		Debug|Any CPU = Debug|Any CPU
		Release|Any CPU = Release|Any CPU
	EndGlobalSection
	GlobalSection(ProjectConfigurationPlatforms) = postSolution
		{4A27C3D7-67ED-42A5-A538-1137C295CCF3}.Debug|Any CPU.ActiveCfg = Debug|Any CPU
		{4A27C3D7-67ED-42A5-A538-1137C295CCF3}.Debug|Any CPU.Build.0 = Debug|Any CPU
		{4A27C3D7-67ED-42A5-A538-1137C295CCF3}.Release|Any CPU.ActiveCfg = Release|Any CPU
		{4A27C3D7-67ED-42A5-A538-1137C295CCF3}.Release|Any CPU.Build.0 = Release|Any CPU
	EndGlobalSection
	GlobalSection(SolutionProperties) = preSolution
		HideSolutionNode = FALSE
	EndGlobalSection
	GlobalSection(ExtensibilityGlobals) = postSolution
		SolutionGuid = {0D0357D9-D4AA-4F01-8944-6298BFBE7202}
	EndGlobalSection
EndGlobal
